
Microsoft Visual Studio Solution File, Format Version 12.00
# Visual Studio Version 17
VisualStudioVersion = 17.8.34330.188
MinimumVisualStudioVersion = 10.0.40219.1
Project("{FAE04EC0-301F-11D3-BF4B-00C04F79EFBC}") = "DS.HomeExchange.APIGateway", "DS.HomeExchange.APIGateway\DS.HomeExchange.APIGateway.csproj", "{E552DE05-06DA-44ED-BBF0-FAC09D967C59}"
EndProject
Global
	GlobalSection(SolutionConfigurationPlatforms) = preSolution
		Debug|Any CPU = Debug|Any CPU
		Release|Any CPU = Release|Any CPU
	EndGlobalSection
	GlobalSection(ProjectConfigurationPlatforms) = postSolution
		{E552DE05-06DA-44ED-BBF0-FAC09D967C59}.Debug|Any CPU.ActiveCfg = Debug|Any CPU
		{E552DE05-06DA-44ED-BBF0-FAC09D967C59}.Debug|Any CPU.Build.0 = Debug|Any CPU
		{E552DE05-06DA-44ED-BBF0-FAC09D967C59}.Release|Any CPU.ActiveCfg = Release|Any CPU
		{E552DE05-06DA-44ED-BBF0-FAC09D967C59}.Release|Any CPU.Build.0 = Release|Any CPU
	EndGlobalSection
	GlobalSection(SolutionProperties) = preSolution
		HideSolutionNode = FALSE
	EndGlobalSection
	GlobalSection(ExtensibilityGlobals) = postSolution
		SolutionGuid = {63264F84-78BD-4A90-A658-C09D1E4E1EAD}
	EndGlobalSection
EndGlobal
